
Microsoft Visual Studio Solution File, Format Version 12.00
# Visual Studio Version 17
VisualStudioVersion = 17.1.32319.34
MinimumVisualStudioVersion = 10.0.40219.1
Project("{FAE04EC0-301F-11D3-BF4B-00C04F79EFBC}") = "searchElement", "searchElement.csproj", "{B37FF1CB-B7C5-4D74-B830-077C4CD5EDB1}"
EndProject
Global
	GlobalSection(SolutionConfigurationPlatforms) = preSolution
		Debug|Any CPU = Debug|Any CPU
		Release|Any CPU = Release|Any CPU
	EndGlobalSection
	GlobalSection(ProjectConfigurationPlatforms) = postSolution
		{B37FF1CB-B7C5-4D74-B830-077C4CD5EDB1}.Debug|Any CPU.ActiveCfg = Debug|Any CPU
		{B37FF1CB-B7C5-4D74-B830-077C4CD5EDB1}.Debug|Any CPU.Build.0 = Debug|Any CPU
		{B37FF1CB-B7C5-4D74-B830-077C4CD5EDB1}.Release|Any CPU.ActiveCfg = Release|Any CPU
		{B37FF1CB-B7C5-4D74-B830-077C4CD5EDB1}.Release|Any CPU.Build.0 = Release|Any CPU
	EndGlobalSection
	GlobalSection(SolutionProperties) = preSolution
		HideSolutionNode = FALSE
	EndGlobalSection
	GlobalSection(ExtensibilityGlobals) = postSolution
		SolutionGuid = {D023FD39-AC40-4805-AF18-53B6F4A5E4DC}
	EndGlobalSection
EndGlobal
